
Microsoft Visual Studio Solution File, Format Version 11.00
# Visual Studio 2010
Project("{E24C65DC-7377-472B-9ABA-BC803B73C61A}") = "Franchisee Management System", "D:\MCA NEW PHOTOES\PROJECTS\FRANCHISE MANAGEMENT SYSTEM PROJECT SOURCE CODE\FRANCHISE MANAGEMENT SYSTEM PROJECT SOURCE CODE\Franchisee Management System\", "{2DA0B755-86F4-4A3D-872F-0C815F0F63C0}"
	ProjectSection(WebsiteProperties) = preProject
		TargetFrameworkMoniker = ".NETFramework,Version%3Dv4.0"
		Debug.AspNetCompiler.VirtualPath = "/Franchisee Management System"
		Debug.AspNetCompiler.PhysicalPath = "D:\MCA NEW PHOTOES\PROJECTS\FRANCHISE MANAGEMENT SYSTEM PROJECT SOURCE CODE\FRANCHISE MANAGEMENT SYSTEM PROJECT SOURCE CODE\Franchisee Management System\"
		Debug.AspNetCompiler.TargetPath = "PrecompiledWeb\Franchisee Management System\"
		Debug.AspNetCompiler.Updateable = "true"
		Debug.AspNetCompiler.ForceOverwrite = "true"
		Debug.AspNetCompiler.FixedNames = "false"
		Debug.AspNetCompiler.Debug = "True"
		Release.AspNetCompiler.VirtualPath = "/Franchisee Management System"
		Release.AspNetCompiler.PhysicalPath = "D:\MCA NEW PHOTOES\PROJECTS\FRANCHISE MANAGEMENT SYSTEM PROJECT SOURCE CODE\FRANCHISE MANAGEMENT SYSTEM PROJECT SOURCE CODE\Franchisee Management System\"
		Release.AspNetCompiler.TargetPath = "PrecompiledWeb\Franchisee Management System\"
		Release.AspNetCompiler.Updateable = "true"
		Release.AspNetCompiler.ForceOverwrite = "true"
		Release.AspNetCompiler.FixedNames = "false"
		Release.AspNetCompiler.Debug = "False"
		VWDPort = "59358"
	EndProjectSection
EndProject
Global
	GlobalSection(SolutionConfigurationPlatforms) = preSolution
		Debug|Any CPU = Debug|Any CPU
	EndGlobalSection
	GlobalSection(ProjectConfigurationPlatforms) = postSolution
		{2DA0B755-86F4-4A3D-872F-0C815F0F63C0}.Debug|Any CPU.ActiveCfg = Debug|Any CPU
		{2DA0B755-86F4-4A3D-872F-0C815F0F63C0}.Debug|Any CPU.Build.0 = Debug|Any CPU
	EndGlobalSection
	GlobalSection(SolutionProperties) = preSolution
		HideSolutionNode = FALSE
	EndGlobalSection
EndGlobal
